
Microsoft Visual Studio Solution File, Format Version 12.00
# Visual Studio Version 17
VisualStudioVersion = 17.14.36221.1 d17.14
MinimumVisualStudioVersion = 10.0.40219.1
Project("{FAE04EC0-301F-11D3-BF4B-00C04F79EFBC}") = "SkipIntro", "SkipIntro.csproj", "{B8EA2B3B-71F4-228C-7802-4AFDEA49F9A3}"
EndProject
Global
	GlobalSection(SolutionConfigurationPlatforms) = preSolution
		Debug|Any CPU = Debug|Any CPU
		Release|Any CPU = Release|Any CPU
	EndGlobalSection
	GlobalSection(ProjectConfigurationPlatforms) = postSolution
		{B8EA2B3B-71F4-228C-7802-4AFDEA49F9A3}.Debug|Any CPU.ActiveCfg = Debug|Any CPU
		{B8EA2B3B-71F4-228C-7802-4AFDEA49F9A3}.Debug|Any CPU.Build.0 = Debug|Any CPU
		{B8EA2B3B-71F4-228C-7802-4AFDEA49F9A3}.Release|Any CPU.ActiveCfg = Release|Any CPU
		{B8EA2B3B-71F4-228C-7802-4AFDEA49F9A3}.Release|Any CPU.Build.0 = Release|Any CPU
	EndGlobalSection
	GlobalSection(SolutionProperties) = preSolution
		HideSolutionNode = FALSE
	EndGlobalSection
	GlobalSection(ExtensibilityGlobals) = postSolution
		SolutionGuid = {BFA7E573-7C45-4BCD-8937-638C2A29A80D}
	EndGlobalSection
EndGlobal
